{
  "requires": true,
  "lockfileVersion": 1,
  "dependencies": {
    "vee-validate": {
      "version": "2.0.6",
      "resolved": "https://registry.npmjs.org/vee-validate/-/vee-validate-2.0.6.tgz",
      "integrity": "sha512-FdUsDvj+gysFfvGa9CJPn2ZgDR8ZmPafPFtzIh9qfj3cjxMXOVG5ysnk82IEBosWJi8pnnLZOZhtx/oEV83w8Q=="
    }
  }
}
